// !$*UTF8*$!
{
	archiveVersion = 1;
	classes = {
	};
	objectVersion = 50;
	objects = {

/* Begin PBXBuildFile section */
		18359A67215F7A4F00E863DB /* clock1.jpg in Resources */ = {isa = PBXBuildFile; fileRef = 18359A66215F7A4F00E863DB /* clock1.jpg */; };
		18B63C212159C5E100263653 /* AppDelegate.m in Sources */ = {isa = PBXBuildFile; fileRef = 18B63C202159C5E100263653 /* AppDelegate.m */; };
		18B63C272159C5E100263653 /* Main.storyboard in Resources */ = {isa = PBXBuildFile; fileRef = 18B63C252159C5E100263653 /* Main.storyboard */; };
		18B63C292159C5E300263653 /* Assets.xcassets in Resources */ = {isa = PBXBuildFile; fileRef = 18B63C282159C5E300263653 /* Assets.xcassets */; };
		18B63C2C2159C5E300263653 /* LaunchScreen.storyboard in Resources */ = {isa = PBXBuildFile; fileRef = 18B63C2A2159C5E300263653 /* LaunchScreen.storyboard */; };
		18B63C2F2159C5E300263653 /* main.m in Sources */ = {isa = PBXBuildFile; fileRef = 18B63C2E2159C5E300263653 /* main.m */; };
		18B63C392159C5E300263653 /* QingViewsTests.m in Sources */ = {isa = PBXBuildFile; fileRef = 18B63C382159C5E300263653 /* QingViewsTests.m */; };
		18B63C442159C5E300263653 /* QingViewsUITests.m in Sources */ = {isa = PBXBuildFile; fileRef = 18B63C432159C5E300263653 /* QingViewsUITests.m */; };
		18E79FEE2159E62500D0724C /* CoreTextMainVCViewController.m in Sources */ = {isa = PBXBuildFile; fileRef = 18E79FEC2159E62500D0724C /* CoreTextMainVCViewController.m */; };
		18E79FEF2159E62500D0724C /* CoreTextMainVCViewController.xib in Resources */ = {isa = PBXBuildFile; fileRef = 18E79FED2159E62500D0724C /* CoreTextMainVCViewController.xib */; };
		18E79FF6215A139600D0724C /* QingViewsRootVC.m in Sources */ = {isa = PBXBuildFile; fileRef = 18E79FF4215A139600D0724C /* QingViewsRootVC.m */; };
		18E79FF7215A139600D0724C /* QingViewsRootVC.xib in Resources */ = {isa = PBXBuildFile; fileRef = 18E79FF5215A139600D0724C /* QingViewsRootVC.xib */; };
		18E79FFF215A1F8A00D0724C /* CoreAniMainVC.m in Sources */ = {isa = PBXBuildFile; fileRef = 18E79FFD215A1F8A00D0724C /* CoreAniMainVC.m */; };
		18E7A000215A1F8A00D0724C /* CoreAniMainVC.xib in Resources */ = {isa = PBXBuildFile; fileRef = 18E79FFE215A1F8A00D0724C /* CoreAniMainVC.xib */; };
		18E7A007215A233500D0724C /* ClockView.m in Sources */ = {isa = PBXBuildFile; fileRef = 18E7A006215A233500D0724C /* ClockView.m */; };
		2FD08C312161C93200D1D03D /* FBShimmeringLayer.m in Sources */ = {isa = PBXBuildFile; fileRef = 2FD08C2F2161C93200D1D03D /* FBShimmeringLayer.m */; };
		2FD08C322161C93200D1D03D /* FBShimmeringView.m in Sources */ = {isa = PBXBuildFile; fileRef = 2FD08C302161C93200D1D03D /* FBShimmeringView.m */; };
		2FD08C352161C97100D1D03D /* SJShimmeringText.m in Sources */ = {isa = PBXBuildFile; fileRef = 2FD08C332161C97100D1D03D /* SJShimmeringText.m */; };
/* End PBXBuildFile section */

/* Begin PBXContainerItemProxy section */
		18B63C352159C5E300263653 /* PBXContainerItemProxy */ = {
			isa = PBXContainerItemProxy;
			containerPortal = 18B63C142159C5E100263653 /* Project object */;
			proxyType = 1;
			remoteGlobalIDString = 18B63C1B2159C5E100263653;
			remoteInfo = QingViews;
		};
		18B63C402159C5E300263653 /* PBXContainerItemProxy */ = {
			isa = PBXContainerItemProxy;
			containerPortal = 18B63C142159C5E100263653 /* Project object */;
			proxyType = 1;
			remoteGlobalIDString = 18B63C1B2159C5E100263653;
			remoteInfo = QingViews;
		};
/* End PBXContainerItemProxy section */

/* Begin PBXFileReference section */
		18359A66215F7A4F00E863DB /* clock1.jpg */ = {isa = PBXFileReference; lastKnownFileType = image.jpeg; path = clock1.jpg; sourceTree = "<group>"; };
		18B63C1C2159C5E100263653 /* QingViews.app */ = {isa = PBXFileReference; explicitFileType = wrapper.application; includeInIndex = 0; path = QingViews.app; sourceTree = BUILT_PRODUCTS_DIR; };
		18B63C1F2159C5E100263653 /* AppDelegate.h */ = {isa = PBXFileReference; lastKnownFileType = sourcecode.c.h; path = AppDelegate.h; sourceTree = "<group>"; };
		18B63C202159C5E100263653 /* AppDelegate.m */ = {isa = PBXFileReference; lastKnownFileType = sourcecode.c.objc; path = AppDelegate.m; sourceTree = "<group>"; };
		18B63C262159C5E100263653 /* Base */ = {isa = PBXFileReference; lastKnownFileType = file.storyboard; name = Base; path = Base.lproj/Main.storyboard; sourceTree = "<group>"; };
		18B63C282159C5E300263653 /* Assets.xcassets */ = {isa = PBXFileReference; lastKnownFileType = folder.assetcatalog; path = Assets.xcassets; sourceTree = "<group>"; };
		18B63C2B2159C5E300263653 /* Base */ = {isa = PBXFileReference; lastKnownFileType = file.storyboard; name = Base; path = Base.lproj/LaunchScreen.storyboard; sourceTree = "<group>"; };
		18B63C2D2159C5E300263653 /* Info.plist */ = {isa = PBXFileReference; lastKnownFileType = text.plist.xml; path = Info.plist; sourceTree = "<group>"; };
		18B63C2E2159C5E300263653 /* main.m */ = {isa = PBXFileReference; lastKnownFileType = sourcecode.c.objc; path = main.m; sourceTree = "<group>"; };
		18B63C342159C5E300263653 /* QingViewsTests.xctest */ = {isa = PBXFileReference; explicitFileType = wrapper.cfbundle; includeInIndex = 0; path = QingViewsTests.xctest; sourceTree = BUILT_PRODUCTS_DIR; };
		18B63C382159C5E300263653 /* QingViewsTests.m */ = {isa = PBXFileReference; lastKnownFileType = sourcecode.c.objc; path = QingViewsTests.m; sourceTree = "<group>"; };
		18B63C3A2159C5E300263653 /* Info.plist */ = {isa = PBXFileReference; lastKnownFileType = text.plist.xml; path = Info.plist; sourceTree = "<group>"; };
		18B63C3F2159C5E300263653 /* QingViewsUITests.xctest */ = {isa = PBXFileReference; explicitFileType = wrapper.cfbundle; includeInIndex = 0; path = QingViewsUITests.xctest; sourceTree = BUILT_PRODUCTS_DIR; };
		18B63C432159C5E300263653 /* QingViewsUITests.m */ = {isa = PBXFileReference; lastKnownFileType = sourcecode.c.objc; path = QingViewsUITests.m; sourceTree = "<group>"; };
		18B63C452159C5E300263653 /* Info.plist */ = {isa = PBXFileReference; lastKnownFileType = text.plist.xml; path = Info.plist; sourceTree = "<group>"; };
		18E79FEB2159E62500D0724C /* CoreTextMainVCViewController.h */ = {isa = PBXFileReference; lastKnownFileType = sourcecode.c.h; path = CoreTextMainVCViewController.h; sourceTree = "<group>"; };
		18E79FEC2159E62500D0724C /* CoreTextMainVCViewController.m */ = {isa = PBXFileReference; lastKnownFileType = sourcecode.c.objc; path = CoreTextMainVCViewController.m; sourceTree = "<group>"; };
		18E79FED2159E62500D0724C /* CoreTextMainVCViewController.xib */ = {isa = PBXFileReference; lastKnownFileType = file.xib; path = CoreTextMainVCViewController.xib; sourceTree = "<group>"; };
		18E79FF3215A139600D0724C /* QingViewsRootVC.h */ = {isa = PBXFileReference; lastKnownFileType = sourcecode.c.h; path = QingViewsRootVC.h; sourceTree = "<group>"; };
		18E79FF4215A139600D0724C /* QingViewsRootVC.m */ = {isa = PBXFileReference; lastKnownFileType = sourcecode.c.objc; path = QingViewsRootVC.m; sourceTree = "<group>"; };
		18E79FF5215A139600D0724C /* QingViewsRootVC.xib */ = {isa = PBXFileReference; lastKnownFileType = file.xib; path = QingViewsRootVC.xib; sourceTree = "<group>"; };
		18E79FFC215A1F8A00D0724C /* CoreAniMainVC.h */ = {isa = PBXFileReference; lastKnownFileType = sourcecode.c.h; path = CoreAniMainVC.h; sourceTree = "<group>"; };
		18E79FFD215A1F8A00D0724C /* CoreAniMainVC.m */ = {isa = PBXFileReference; lastKnownFileType = sourcecode.c.objc; path = CoreAniMainVC.m; sourceTree = "<group>"; };
		18E79FFE215A1F8A00D0724C /* CoreAniMainVC.xib */ = {isa = PBXFileReference; lastKnownFileType = file.xib; path = CoreAniMainVC.xib; sourceTree = "<group>"; };
		18E7A005215A233500D0724C /* ClockView.h */ = {isa = PBXFileReference; lastKnownFileType = sourcecode.c.h; path = ClockView.h; sourceTree = "<group>"; };
		18E7A006215A233500D0724C /* ClockView.m */ = {isa = PBXFileReference; lastKnownFileType = sourcecode.c.objc; path = ClockView.m; sourceTree = "<group>"; };
		2FD08C2C2161C93200D1D03D /* FBShimmering.h */ = {isa = PBXFileReference; fileEncoding = 4; lastKnownFileType = sourcecode.c.h; path = FBShimmering.h; sourceTree = "<group>"; };
		2FD08C2D2161C93200D1D03D /* FBShimmeringLayer.h */ = {isa = PBXFileReference; fileEncoding = 4; lastKnownFileType = sourcecode.c.h; path = FBShimmeringLayer.h; sourceTree = "<group>"; };
		2FD08C2E2161C93200D1D03D /* FBShimmeringView.h */ = {isa = PBXFileReference; fileEncoding = 4; lastKnownFileType = sourcecode.c.h; path = FBShimmeringView.h; sourceTree = "<group>"; };
		2FD08C2F2161C93200D1D03D /* FBShimmeringLayer.m */ = {isa = PBXFileReference; fileEncoding = 4; lastKnownFileType = sourcecode.c.objc; path = FBShimmeringLayer.m; sourceTree = "<group>"; };
		2FD08C302161C93200D1D03D /* FBShimmeringView.m */ = {isa = PBXFileReference; fileEncoding = 4; lastKnownFileType = sourcecode.c.objc; path = FBShimmeringView.m; sourceTree = "<group>"; };
		2FD08C332161C97100D1D03D /* SJShimmeringText.m */ = {isa = PBXFileReference; fileEncoding = 4; lastKnownFileType = sourcecode.c.objc; path = SJShimmeringText.m; sourceTree = "<group>"; };
		2FD08C342161C97100D1D03D /* SJShimmeringText.h */ = {isa = PBXFileReference; fileEncoding = 4; lastKnownFileType = sourcecode.c.h; path = SJShimmeringText.h; sourceTree = "<group>"; };
/* End PBXFileReference section */

/* Begin PBXFrameworksBuildPhase section */
		18B63C192159C5E100263653 /* Frameworks */ = {
			isa = PBXFrameworksBuildPhase;
			buildActionMask = 2147483647;
			files = (
			);
			runOnlyForDeploymentPostprocessing = 0;
		};
		18B63C312159C5E300263653 /* Frameworks */ = {
			isa = PBXFrameworksBuildPhase;
			buildActionMask = 2147483647;
			files = (
			);
			runOnlyForDeploymentPostprocessing = 0;
		};
		18B63C3C2159C5E300263653 /* Frameworks */ = {
			isa = PBXFrameworksBuildPhase;
			buildActionMask = 2147483647;
			files = (
			);
			runOnlyForDeploymentPostprocessing = 0;
		};
/* End PBXFrameworksBuildPhase section */

/* Begin PBXGroup section */
		18B63C132159C5E100263653 = {
			isa = PBXGroup;
			children = (
				18B63C1E2159C5E100263653 /* QingViews */,
				18B63C372159C5E300263653 /* QingViewsTests */,
				18B63C422159C5E300263653 /* QingViewsUITests */,
				18B63C1D2159C5E100263653 /* Products */,
			);
			sourceTree = "<group>";
		};
		18B63C1D2159C5E100263653 /* Products */ = {
			isa = PBXGroup;
			children = (
				18B63C1C2159C5E100263653 /* QingViews.app */,
				18B63C342159C5E300263653 /* QingViewsTests.xctest */,
				18B63C3F2159C5E300263653 /* QingViewsUITests.xctest */,
			);
			name = Products;
			sourceTree = "<group>";
		};
		18B63C1E2159C5E100263653 /* QingViews */ = {
			isa = PBXGroup;
			children = (
				18E7A003215A205100D0724C /* Sourse */,
				18E79FE92159E3D700D0724C /* UI */,
				18E79FFA215A1C5D00D0724C /* CoreAni */,
				18E79FE02159DD7400D0724C /* CoreText */,
				18B63C1F2159C5E100263653 /* AppDelegate.h */,
				18B63C202159C5E100263653 /* AppDelegate.m */,
				18E79FF3215A139600D0724C /* QingViewsRootVC.h */,
				18E79FF4215A139600D0724C /* QingViewsRootVC.m */,
				18E79FF5215A139600D0724C /* QingViewsRootVC.xib */,
				18B63C282159C5E300263653 /* Assets.xcassets */,
				18B63C2A2159C5E300263653 /* LaunchScreen.storyboard */,
				18B63C252159C5E100263653 /* Main.storyboard */,
				18B63C2D2159C5E300263653 /* Info.plist */,
				18B63C2E2159C5E300263653 /* main.m */,
			);
			path = QingViews;
			sourceTree = "<group>";
		};
		18B63C372159C5E300263653 /* QingViewsTests */ = {
			isa = PBXGroup;
			children = (
				18B63C382159C5E300263653 /* QingViewsTests.m */,
				18B63C3A2159C5E300263653 /* Info.plist */,
			);
			path = QingViewsTests;
			sourceTree = "<group>";
		};
		18B63C422159C5E300263653 /* QingViewsUITests */ = {
			isa = PBXGroup;
			children = (
				18B63C432159C5E300263653 /* QingViewsUITests.m */,
				18B63C452159C5E300263653 /* Info.plist */,
			);
			path = QingViewsUITests;
			sourceTree = "<group>";
		};
		18E79FE02159DD7400D0724C /* CoreText */ = {
			isa = PBXGroup;
			children = (
				2FD08C2B2161C93200D1D03D /* FBShimmering */,
				18E79FEA2159E46100D0724C /* CoreTextVC */,
			);
			path = CoreText;
			sourceTree = "<group>";
		};
		18E79FE92159E3D700D0724C /* UI */ = {
			isa = PBXGroup;
			children = (
			);
			path = UI;
			sourceTree = "<group>";
		};
		18E79FEA2159E46100D0724C /* CoreTextVC */ = {
			isa = PBXGroup;
			children = (
				18E79FEB2159E62500D0724C /* CoreTextMainVCViewController.h */,
				18E79FEC2159E62500D0724C /* CoreTextMainVCViewController.m */,
				18E79FED2159E62500D0724C /* CoreTextMainVCViewController.xib */,
			);
			path = CoreTextVC;
			sourceTree = "<group>";
		};
		18E79FFA215A1C5D00D0724C /* CoreAni */ = {
			isa = PBXGroup;
			children = (
				18E79FFB215A1F6200D0724C /* CoreAniVC */,
			);
			path = CoreAni;
			sourceTree = "<group>";
		};
		18E79FFB215A1F6200D0724C /* CoreAniVC */ = {
			isa = PBXGroup;
			children = (
				18E7A004215A230700D0724C /* ClockView */,
				18E79FFC215A1F8A00D0724C /* CoreAniMainVC.h */,
				18E79FFD215A1F8A00D0724C /* CoreAniMainVC.m */,
				18E79FFE215A1F8A00D0724C /* CoreAniMainVC.xib */,
			);
			path = CoreAniVC;
			sourceTree = "<group>";
		};
		18E7A003215A205100D0724C /* Sourse */ = {
			isa = PBXGroup;
			children = (
				18359A66215F7A4F00E863DB /* clock1.jpg */,
			);
			path = Sourse;
			sourceTree = "<group>";
		};
		18E7A004215A230700D0724C /* ClockView */ = {
			isa = PBXGroup;
			children = (
				18E7A005215A233500D0724C /* ClockView.h */,
				18E7A006215A233500D0724C /* ClockView.m */,
			);
			path = ClockView;
			sourceTree = "<group>";
		};
		2FD08C2B2161C93200D1D03D /* FBShimmering */ = {
			isa = PBXGroup;
			children = (
				2FD08C342161C97100D1D03D /* SJShimmeringText.h */,
				2FD08C332161C97100D1D03D /* SJShimmeringText.m */,
				2FD08C2C2161C93200D1D03D /* FBShimmering.h */,
				2FD08C2D2161C93200D1D03D /* FBShimmeringLayer.h */,
				2FD08C2E2161C93200D1D03D /* FBShimmeringView.h */,
				2FD08C2F2161C93200D1D03D /* FBShimmeringLayer.m */,
				2FD08C302161C93200D1D03D /* FBShimmeringView.m */,
			);
			path = FBShimmering;
			sourceTree = "<group>";
		};
/* End PBXGroup section */

/* Begin PBXNativeTarget section */
		18B63C1B2159C5E100263653 /* QingViews */ = {
			isa = PBXNativeTarget;
			buildConfigurationList = 18B63C482159C5E300263653 /* Build configuration list for PBXNativeTarget "QingViews" */;
			buildPhases = (
				18B63C182159C5E100263653 /* Sources */,
				18B63C192159C5E100263653 /* Frameworks */,
				18B63C1A2159C5E100263653 /* Resources */,
			);
			buildRules = (
			);
			dependencies = (
			);
			name = QingViews;
			productName = QingViews;
			productReference = 18B63C1C2159C5E100263653 /* QingViews.app */;
			productType = "com.apple.product-type.application";
		};
		18B63C332159C5E300263653 /* QingViewsTests */ = {
			isa = PBXNativeTarget;
			buildConfigurationList = 18B63C4B2159C5E300263653 /* Build configuration list for PBXNativeTarget "QingViewsTests" */;
			buildPhases = (
				18B63C302159C5E300263653 /* Sources */,
				18B63C312159C5E300263653 /* Frameworks */,
				18B63C322159C5E300263653 /* Resources */,
			);
			buildRules = (
			);
			dependencies = (
				18B63C362159C5E300263653 /* PBXTargetDependency */,
			);
			name = QingViewsTests;
			productName = QingViewsTests;
			productReference = 18B63C342159C5E300263653 /* QingViewsTests.xctest */;
			productType = "com.apple.product-type.bundle.unit-test";
		};
		18B63C3E2159C5E300263653 /* QingViewsUITests */ = {
			isa = PBXNativeTarget;
			buildConfigurationList = 18B63C4E2159C5E300263653 /* Build configuration list for PBXNativeTarget "QingViewsUITests" */;
			buildPhases = (
				18B63C3B2159C5E300263653 /* Sources */,
				18B63C3C2159C5E300263653 /* Frameworks */,
				18B63C3D2159C5E300263653 /* Resources */,
			);
			buildRules = (
			);
			dependencies = (
				18B63C412159C5E300263653 /* PBXTargetDependency */,
			);
			name = QingViewsUITests;
			productName = QingViewsUITests;
			productReference = 18B63C3F2159C5E300263653 /* QingViewsUITests.xctest */;
			productType = "com.apple.product-type.bundle.ui-testing";
		};
/* End PBXNativeTarget section */

/* Begin PBXProject section */
		18B63C142159C5E100263653 /* Project object */ = {
			isa = PBXProject;
			attributes = {
				LastUpgradeCheck = 0930;
				ORGANIZATIONNAME = yangchangqing;
				TargetAttributes = {
					18B63C1B2159C5E100263653 = {
						CreatedOnToolsVersion = 9.3;
					};
					18B63C332159C5E300263653 = {
						CreatedOnToolsVersion = 9.3;
						TestTargetID = 18B63C1B2159C5E100263653;
					};
					18B63C3E2159C5E300263653 = {
						CreatedOnToolsVersion = 9.3;
						TestTargetID = 18B63C1B2159C5E100263653;
					};
				};
			};
			buildConfigurationList = 18B63C172159C5E100263653 /* Build configuration list for PBXProject "QingViews" */;
			compatibilityVersion = "Xcode 9.3";
			developmentRegion = en;
			hasScannedForEncodings = 0;
			knownRegions = (
				en,
				Base,
			);
			mainGroup = 18B63C132159C5E100263653;
			productRefGroup = 18B63C1D2159C5E100263653 /* Products */;
			projectDirPath = "";
			projectRoot = "";
			targets = (
				18B63C1B2159C5E100263653 /* QingViews */,
				18B63C332159C5E300263653 /* QingViewsTests */,
				18B63C3E2159C5E300263653 /* QingViewsUITests */,
			);
		};
/* End PBXProject section */

/* Begin PBXResourcesBuildPhase section */
		18B63C1A2159C5E100263653 /* Resources */ = {
			isa = PBXResourcesBuildPhase;
			buildActionMask = 2147483647;
			files = (
				18E79FEF2159E62500D0724C /* CoreTextMainVCViewController.xib in Resources */,
				18B63C2C2159C5E300263653 /* LaunchScreen.storyboard in Resources */,
				18359A67215F7A4F00E863DB /* clock1.jpg in Resources */,
				18B63C292159C5E300263653 /* Assets.xcassets in Resources */,
				18E79FF7215A139600D0724C /* QingViewsRootVC.xib in Resources */,
				18B63C272159C5E100263653 /* Main.storyboard in Resources */,
				18E7A000215A1F8A00D0724C /* CoreAniMainVC.xib in Resources */,
			);
			runOnlyForDeploymentPostprocessing = 0;
		};
		18B63C322159C5E300263653 /* Resources */ = {
			isa = PBXResourcesBuildPhase;
			buildActionMask = 2147483647;
			files = (
			);
			runOnlyForDeploymentPostprocessing = 0;
		};
		18B63C3D2159C5E300263653 /* Resources */ = {
			isa = PBXResourcesBuildPhase;
			buildActionMask = 2147483647;
			files = (
			);
			runOnlyForDeploymentPostprocessing = 0;
		};
/* End PBXResourcesBuildPhase section */

/* Begin PBXSourcesBuildPhase section */
		18B63C182159C5E100263653 /* Sources */ = {
			isa = PBXSourcesBuildPhase;
			buildActionMask = 2147483647;
			files = (
				18E7A007215A233500D0724C /* ClockView.m in Sources */,
				18B63C2F2159C5E300263653 /* main.m in Sources */,
				18E79FFF215A1F8A00D0724C /* CoreAniMainVC.m in Sources */,
				2FD08C352161C97100D1D03D /* SJShimmeringText.m in Sources */,
				2FD08C322161C93200D1D03D /* FBShimmeringView.m in Sources */,
				18E79FEE2159E62500D0724C /* CoreTextMainVCViewController.m in Sources */,
				2FD08C312161C93200D1D03D /* FBShimmeringLayer.m in Sources */,
				18B63C212159C5E100263653 /* AppDelegate.m in Sources */,
				18E79FF6215A139600D0724C /* QingViewsRootVC.m in Sources */,
			);
			runOnlyForDeploymentPostprocessing = 0;
		};
		18B63C302159C5E300263653 /* Sources */ = {
			isa = PBXSourcesBuildPhase;
			buildActionMask = 2147483647;
			files = (
				18B63C392159C5E300263653 /* QingViewsTests.m in Sources */,
			);
			runOnlyForDeploymentPostprocessing = 0;
		};
		18B63C3B2159C5E300263653 /* Sources */ = {
			isa = PBXSourcesBuildPhase;
			buildActionMask = 2147483647;
			files = (
				18B63C442159C5E300263653 /* QingViewsUITests.m in Sources */,
			);
			runOnlyForDeploymentPostprocessing = 0;
		};
/* End PBXSourcesBuildPhase section */

/* Begin PBXTargetDependency section */
		18B63C362159C5E300263653 /* PBXTargetDependency */ = {
			isa = PBXTargetDependency;
			target = 18B63C1B2159C5E100263653 /* QingViews */;
			targetProxy = 18B63C352159C5E300263653 /* PBXContainerItemProxy */;
		};
		18B63C412159C5E300263653 /* PBXTargetDependency */ = {
			isa = PBXTargetDependency;
			target = 18B63C1B2159C5E100263653 /* QingViews */;
			targetProxy = 18B63C402159C5E300263653 /* PBXContainerItemProxy */;
		};
/* End PBXTargetDependency section */

/* Begin PBXVariantGroup section */
		18B63C252159C5E100263653 /* Main.storyboard */ = {
			isa = PBXVariantGroup;
			children = (
				18B63C262159C5E100263653 /* Base */,
			);
			name = Main.storyboard;
			sourceTree = "<group>";
		};
		18B63C2A2159C5E300263653 /* LaunchScreen.storyboard */ = {
			isa = PBXVariantGroup;
			children = (
				18B63C2B2159C5E300263653 /* Base */,
			);
			name = LaunchScreen.storyboard;
			sourceTree = "<group>";
		};
/* End PBXVariantGroup section */

/* Begin XCBuildConfiguration section */
		18B63C462159C5E300263653 /* Debug */ = {
			isa = XCBuildConfiguration;
			buildSettings = {
				ALWAYS_SEARCH_USER_PATHS = NO;
				CLANG_ANALYZER_NONNULL = YES;
				CLANG_ANALYZER_NUMBER_OBJECT_CONVERSION = YES_AGGRESSIVE;
				CLANG_CXX_LANGUAGE_STANDARD = "gnu++14";
				CLANG_CXX_LIBRARY = "libc++";
				CLANG_ENABLE_MODULES = YES;
				CLANG_ENABLE_OBJC_ARC = YES;
				CLANG_ENABLE_OBJC_WEAK = YES;
				CLANG_WARN_BLOCK_CAPTURE_AUTORELEASING = YES;
				CLANG_WARN_BOOL_CONVERSION = YES;
				CLANG_WARN_COMMA = YES;
				CLANG_WARN_CONSTANT_CONVERSION = YES;
				CLANG_WARN_DEPRECATED_OBJC_IMPLEMENTATIONS = YES;
				CLANG_WARN_DIRECT_OBJC_ISA_USAGE = YES_ERROR;
				CLANG_WARN_DOCUMENTATION_COMMENTS = YES;
				CLANG_WARN_EMPTY_BODY = YES;
				CLANG_WARN_ENUM_CONVERSION = YES;
				CLANG_WARN_INFINITE_RECURSION = YES;
				CLANG_WARN_INT_CONVERSION = YES;
				CLANG_WARN_NON_LITERAL_NULL_CONVERSION = YES;
				CLANG_WARN_OBJC_IMPLICIT_RETAIN_SELF = YES;
				CLANG_WARN_OBJC_LITERAL_CONVERSION = YES;
				CLANG_WARN_OBJC_ROOT_CLASS = YES_ERROR;
				CLANG_WARN_RANGE_LOOP_ANALYSIS = YES;
				CLANG_WARN_STRICT_PROTOTYPES = YES;
				CLANG_WARN_SUSPICIOUS_MOVE = YES;
				CLANG_WARN_UNGUARDED_AVAILABILITY = YES_AGGRESSIVE;
				CLANG_WARN_UNREACHABLE_CODE = YES;
				CLANG_WARN__DUPLICATE_METHOD_MATCH = YES;
				CODE_SIGN_IDENTITY = "iPhone Developer";
				COPY_PHASE_STRIP = NO;
				DEBUG_INFORMATION_FORMAT = dwarf;
				ENABLE_STRICT_OBJC_MSGSEND = YES;
				ENABLE_TESTABILITY = YES;
				GCC_C_LANGUAGE_STANDARD = gnu11;
				GCC_DYNAMIC_NO_PIC = NO;
				GCC_NO_COMMON_BLOCKS = YES;
				GCC_OPTIMIZATION_LEVEL = 0;
				GCC_PREPROCESSOR_DEFINITIONS = (
					"DEBUG=1",
					"$(inherited)",
				);
				GCC_WARN_64_TO_32_BIT_CONVERSION = YES;
				GCC_WARN_ABOUT_RETURN_TYPE = YES_ERROR;
				GCC_WARN_UNDECLARED_SELECTOR = YES;
				GCC_WARN_UNINITIALIZED_AUTOS = YES_AGGRESSIVE;
				GCC_WARN_UNUSED_FUNCTION = YES;
				GCC_WARN_UNUSED_VARIABLE = YES;
				IPHONEOS_DEPLOYMENT_TARGET = 11.3;
				MTL_ENABLE_DEBUG_INFO = YES;
				ONLY_ACTIVE_ARCH = YES;
				SDKROOT = iphoneos;
			};
			name = Debug;
		};
		18B63C472159C5E300263653 /* Release */ = {
			isa = XCBuildConfiguration;
			buildSettings = {
				ALWAYS_SEARCH_USER_PATHS = NO;
				CLANG_ANALYZER_NONNULL = YES;
				CLANG_ANALYZER_NUMBER_OBJECT_CONVERSION = YES_AGGRESSIVE;
				CLANG_CXX_LANGUAGE_STANDARD = "gnu++14";
				CLANG_CXX_LIBRARY = "libc++";
				CLANG_ENABLE_MODULES = YES;
				CLANG_ENABLE_OBJC_ARC = YES;
				CLANG_ENABLE_OBJC_WEAK = YES;
				CLANG_WARN_BLOCK_CAPTURE_AUTORELEASING = YES;
				CLANG_WARN_BOOL_CONVERSION = YES;
				CLANG_WARN_COMMA = YES;
				CLANG_WARN_CONSTANT_CONVERSION = YES;
				CLANG_WARN_DEPRECATED_OBJC_IMPLEMENTATIONS = YES;
				CLANG_WARN_DIRECT_OBJC_ISA_USAGE = YES_ERROR;
				CLANG_WARN_DOCUMENTATION_COMMENTS = YES;
				CLANG_WARN_EMPTY_BODY = YES;
				CLANG_WARN_ENUM_CONVERSION = YES;
				CLANG_WARN_INFINITE_RECURSION = YES;
				CLANG_WARN_INT_CONVERSION = YES;
				CLANG_WARN_NON_LITERAL_NULL_CONVERSION = YES;
				CLANG_WARN_OBJC_IMPLICIT_RETAIN_SELF = YES;
				CLANG_WARN_OBJC_LITERAL_CONVERSION = YES;
				CLANG_WARN_OBJC_ROOT_CLASS = YES_ERROR;
				CLANG_WARN_RANGE_LOOP_ANALYSIS = YES;
				CLANG_WARN_STRICT_PROTOTYPES = YES;
				CLANG_WARN_SUSPICIOUS_MOVE = YES;
				CLANG_WARN_UNGUARDED_AVAILABILITY = YES_AGGRESSIVE;
				CLANG_WARN_UNREACHABLE_CODE = YES;
				CLANG_WARN__DUPLICATE_METHOD_MATCH = YES;
				CODE_SIGN_IDENTITY = "iPhone Developer";
				COPY_PHASE_STRIP = NO;
				DEBUG_INFORMATION_FORMAT = "dwarf-with-dsym";
				ENABLE_NS_ASSERTIONS = NO;
				ENABLE_STRICT_OBJC_MSGSEND = YES;
				GCC_C_LANGUAGE_STANDARD = gnu11;
				GCC_NO_COMMON_BLOCKS = YES;
				GCC_WARN_64_TO_32_BIT_CONVERSION = YES;
				GCC_WARN_ABOUT_RETURN_TYPE = YES_ERROR;
				GCC_WARN_UNDECLARED_SELECTOR = YES;
				GCC_WARN_UNINITIALIZED_AUTOS = YES_AGGRESSIVE;
				GCC_WARN_UNUSED_FUNCTION = YES;
				GCC_WARN_UNUSED_VARIABLE = YES;
				IPHONEOS_DEPLOYMENT_TARGET = 11.3;
				MTL_ENABLE_DEBUG_INFO = NO;
				SDKROOT = iphoneos;
				VALIDATE_PRODUCT = YES;
			};
			name = Release;
		};
		18B63C492159C5E300263653 /* Debug */ = {
			isa = XCBuildConfiguration;
			buildSettings = {
				ASSETCATALOG_COMPILER_APPICON_NAME = AppIcon;
				CODE_SIGN_STYLE = Automatic;
				INFOPLIST_FILE = QingViews/Info.plist;
				LD_RUNPATH_SEARCH_PATHS = (
					"$(inherited)",
					"@executable_path/Frameworks",
				);
				PRODUCT_BUNDLE_IDENTIFIER = yangcq.test.QingViews;
				PRODUCT_NAME = "$(TARGET_NAME)";
				TARGETED_DEVICE_FAMILY = "1,2";
			};
			name = Debug;
		};
		18B63C4A2159C5E300263653 /* Release */ = {
			isa = XCBuildConfiguration;
			buildSettings = {
				ASSETCATALOG_COMPILER_APPICON_NAME = AppIcon;
				CODE_SIGN_STYLE = Automatic;
				INFOPLIST_FILE = QingViews/Info.plist;
				LD_RUNPATH_SEARCH_PATHS = (
					"$(inherited)",
					"@executable_path/Frameworks",
				);
				PRODUCT_BUNDLE_IDENTIFIER = yangcq.test.QingViews;
				PRODUCT_NAME = "$(TARGET_NAME)";
				TARGETED_DEVICE_FAMILY = "1,2";
			};
			name = Release;
		};
		18B63C4C2159C5E300263653 /* Debug */ = {
			isa = XCBuildConfiguration;
			buildSettings = {
				BUNDLE_LOADER = "$(TEST_HOST)";
				CODE_SIGN_STYLE = Automatic;
				INFOPLIST_FILE = QingViewsTests/Info.plist;
				LD_RUNPATH_SEARCH_PATHS = (
					"$(inherited)",
					"@executable_path/Frameworks",
					"@loader_path/Frameworks",
				);
				PRODUCT_BUNDLE_IDENTIFIER = yangcq.test.QingViewsTests;
				PRODUCT_NAME = "$(TARGET_NAME)";
				TARGETED_DEVICE_FAMILY = "1,2";
				TEST_HOST = "$(BUILT_PRODUCTS_DIR)/QingViews.app/QingViews";
			};
			name = Debug;
		};
		18B63C4D2159C5E300263653 /* Release */ = {
			isa = XCBuildConfiguration;
			buildSettings = {
				BUNDLE_LOADER = "$(TEST_HOST)";
				CODE_SIGN_STYLE = Automatic;
				INFOPLIST_FILE = QingViewsTests/Info.plist;
				LD_RUNPATH_SEARCH_PATHS = (
					"$(inherited)",
					"@executable_path/Frameworks",
					"@loader_path/Frameworks",
				);
				PRODUCT_BUNDLE_IDENTIFIER = yangcq.test.QingViewsTests;
				PRODUCT_NAME = "$(TARGET_NAME)";
				TARGETED_DEVICE_FAMILY = "1,2";
				TEST_HOST = "$(BUILT_PRODUCTS_DIR)/QingViews.app/QingViews";
			};
			name = Release;
		};
		18B63C4F2159C5E300263653 /* Debug */ = {
			isa = XCBuildConfiguration;
			buildSettings = {
				CODE_SIGN_STYLE = Automatic;
				INFOPLIST_FILE = QingViewsUITests/Info.plist;
				LD_RUNPATH_SEARCH_PATHS = (
					"$(inherited)",
					"@executable_path/Frameworks",
					"@loader_path/Frameworks",
				);
				PRODUCT_BUNDLE_IDENTIFIER = yangcq.test.QingViewsUITests;
				PRODUCT_NAME = "$(TARGET_NAME)";
				TARGETED_DEVICE_FAMILY = "1,2";
				TEST_TARGET_NAME = QingViews;
			};
			name = Debug;
		};
		18B63C502159C5E300263653 /* Release */ = {
			isa = XCBuildConfiguration;
			buildSettings = {
				CODE_SIGN_STYLE = Automatic;
				INFOPLIST_FILE = QingViewsUITests/Info.plist;
				LD_RUNPATH_SEARCH_PATHS = (
					"$(inherited)",
					"@executable_path/Frameworks",
					"@loader_path/Frameworks",
				);
				PRODUCT_BUNDLE_IDENTIFIER = yangcq.test.QingViewsUITests;
				PRODUCT_NAME = "$(TARGET_NAME)";
				TARGETED_DEVICE_FAMILY = "1,2";
				TEST_TARGET_NAME = QingViews;
			};
			name = Release;
		};
/* End XCBuildConfiguration section */

/* Begin XCConfigurationList section */
		18B63C172159C5E100263653 /* Build configuration list for PBXProject "QingViews" */ = {
			isa = XCConfigurationList;
			buildConfigurations = (
				18B63C462159C5E300263653 /* Debug */,
				18B63C472159C5E300263653 /* Release */,
			);
			defaultConfigurationIsVisible = 0;
			defaultConfigurationName = Release;
		};
		18B63C482159C5E300263653 /* Build configuration list for PBXNativeTarget "QingViews" */ = {
			isa = XCConfigurationList;
			buildConfigurations = (
				18B63C492159C5E300263653 /* Debug */,
				18B63C4A2159C5E300263653 /* Release */,
			);
			defaultConfigurationIsVisible = 0;
			defaultConfigurationName = Release;
		};
		18B63C4B2159C5E300263653 /* Build configuration list for PBXNativeTarget "QingViewsTests" */ = {
			isa = XCConfigurationList;
			buildConfigurations = (
				18B63C4C2159C5E300263653 /* Debug */,
				18B63C4D2159C5E300263653 /* Release */,
			);
			defaultConfigurationIsVisible = 0;
			defaultConfigurationName = Release;
		};
		18B63C4E2159C5E300263653 /* Build configuration list for PBXNativeTarget "QingViewsUITests" */ = {
			isa = XCConfigurationList;
			buildConfigurations = (
				18B63C4F2159C5E300263653 /* Debug */,
				18B63C502159C5E300263653 /* Release */,
			);
			defaultConfigurationIsVisible = 0;
			defaultConfigurationName = Release;
		};
/* End XCConfigurationList section */
	};
	rootObject = 18B63C142159C5E100263653 /* Project object */;
}
